
Microsoft Visual Studio Solution File, Format Version 12.00
# Visual Studio Version 16
VisualStudioVersion = 16.0.30621.155
MinimumVisualStudioVersion = 10.0.40219.1
Project("{FAE04EC0-301F-11D3-BF4B-00C04F79EFBC}") = "CapaDatos", "CapaDatos\CapaDatos.csproj", "{D2B0FEF4-7DF8-44E4-907B-777BA8AD8AB3}"
EndProject
Project("{FAE04EC0-301F-11D3-BF4B-00C04F79EFBC}") = "CapaEntidades", "CapaEntidades\CapaEntidades.csproj", "{998E1440-1AA5-4FB6-BEBB-B51D95ED6955}"
EndProject
Project("{FAE04EC0-301F-11D3-BF4B-00C04F79EFBC}") = "CapaNegocios", "CapaNegocios\CapaNegocios.csproj", "{E16FE05D-F8ED-42EB-B265-015C92992687}"
EndProject
Project("{FAE04EC0-301F-11D3-BF4B-00C04F79EFBC}") = "CapaPresentacion", "CapaPresentacion\CapaPresentacion.csproj", "{EB0EB8C4-E539-4A48-A844-0BA4C4955DC0}"
EndProject
Global
	GlobalSection(SolutionConfigurationPlatforms) = preSolution
		Debug|Any CPU = Debug|Any CPU
		Release|Any CPU = Release|Any CPU
	EndGlobalSection
	GlobalSection(ProjectConfigurationPlatforms) = postSolution
		{D2B0FEF4-7DF8-44E4-907B-777BA8AD8AB3}.Debug|Any CPU.ActiveCfg = Debug|Any CPU
		{D2B0FEF4-7DF8-44E4-907B-777BA8AD8AB3}.Debug|Any CPU.Build.0 = Debug|Any CPU
		{D2B0FEF4-7DF8-44E4-907B-777BA8AD8AB3}.Release|Any CPU.ActiveCfg = Release|Any CPU
		{D2B0FEF4-7DF8-44E4-907B-777BA8AD8AB3}.Release|Any CPU.Build.0 = Release|Any CPU
		{998E1440-1AA5-4FB6-BEBB-B51D95ED6955}.Debug|Any CPU.ActiveCfg = Debug|Any CPU
		{998E1440-1AA5-4FB6-BEBB-B51D95ED6955}.Debug|Any CPU.Build.0 = Debug|Any CPU
		{998E1440-1AA5-4FB6-BEBB-B51D95ED6955}.Release|Any CPU.ActiveCfg = Release|Any CPU
		{998E1440-1AA5-4FB6-BEBB-B51D95ED6955}.Release|Any CPU.Build.0 = Release|Any CPU
		{E16FE05D-F8ED-42EB-B265-015C92992687}.Debug|Any CPU.ActiveCfg = Debug|Any CPU
		{E16FE05D-F8ED-42EB-B265-015C92992687}.Debug|Any CPU.Build.0 = Debug|Any CPU
		{E16FE05D-F8ED-42EB-B265-015C92992687}.Release|Any CPU.ActiveCfg = Release|Any CPU
		{E16FE05D-F8ED-42EB-B265-015C92992687}.Release|Any CPU.Build.0 = Release|Any CPU
		{EB0EB8C4-E539-4A48-A844-0BA4C4955DC0}.Debug|Any CPU.ActiveCfg = Debug|Any CPU
		{EB0EB8C4-E539-4A48-A844-0BA4C4955DC0}.Debug|Any CPU.Build.0 = Debug|Any CPU
		{EB0EB8C4-E539-4A48-A844-0BA4C4955DC0}.Release|Any CPU.ActiveCfg = Release|Any CPU
		{EB0EB8C4-E539-4A48-A844-0BA4C4955DC0}.Release|Any CPU.Build.0 = Release|Any CPU
	EndGlobalSection
	GlobalSection(SolutionProperties) = preSolution
		HideSolutionNode = FALSE
	EndGlobalSection
	GlobalSection(ExtensibilityGlobals) = postSolution
		SolutionGuid = {7618E054-6AF2-4EC9-BD05-C3C2A93BD760}
	EndGlobalSection
EndGlobal
