
Microsoft Visual Studio Solution File, Format Version 12.00
# Visual Studio Version 16
VisualStudioVersion = 16.0.30621.155
MinimumVisualStudioVersion = 10.0.40219.1
Project("{FAE04EC0-301F-11D3-BF4B-00C04F79EFBC}") = "Vistas", "Vistas\Vistas.csproj", "{51C6BB37-B1AF-47A0-A277-BAE2C9A36EF6}"
EndProject
Project("{FAE04EC0-301F-11D3-BF4B-00C04F79EFBC}") = "Datos", "Datos\Datos.csproj", "{8F4AF2A5-02E4-484B-AF04-7D988400EE92}"
EndProject
Project("{FAE04EC0-301F-11D3-BF4B-00C04F79EFBC}") = "Negocios", "Negocios\Negocios.csproj", "{8F40317E-F8D9-4168-A803-CD4D821685F6}"
EndProject
Global
	GlobalSection(SolutionConfigurationPlatforms) = preSolution
		Debug|Any CPU = Debug|Any CPU
		Release|Any CPU = Release|Any CPU
	EndGlobalSection
	GlobalSection(ProjectConfigurationPlatforms) = postSolution
		{51C6BB37-B1AF-47A0-A277-BAE2C9A36EF6}.Debug|Any CPU.ActiveCfg = Debug|Any CPU
		{51C6BB37-B1AF-47A0-A277-BAE2C9A36EF6}.Debug|Any CPU.Build.0 = Debug|Any CPU
		{51C6BB37-B1AF-47A0-A277-BAE2C9A36EF6}.Release|Any CPU.ActiveCfg = Release|Any CPU
		{51C6BB37-B1AF-47A0-A277-BAE2C9A36EF6}.Release|Any CPU.Build.0 = Release|Any CPU
		{8F4AF2A5-02E4-484B-AF04-7D988400EE92}.Debug|Any CPU.ActiveCfg = Debug|Any CPU
		{8F4AF2A5-02E4-484B-AF04-7D988400EE92}.Debug|Any CPU.Build.0 = Debug|Any CPU
		{8F4AF2A5-02E4-484B-AF04-7D988400EE92}.Release|Any CPU.ActiveCfg = Release|Any CPU
		{8F4AF2A5-02E4-484B-AF04-7D988400EE92}.Release|Any CPU.Build.0 = Release|Any CPU
		{8F40317E-F8D9-4168-A803-CD4D821685F6}.Debug|Any CPU.ActiveCfg = Debug|Any CPU
		{8F40317E-F8D9-4168-A803-CD4D821685F6}.Debug|Any CPU.Build.0 = Debug|Any CPU
		{8F40317E-F8D9-4168-A803-CD4D821685F6}.Release|Any CPU.ActiveCfg = Release|Any CPU
		{8F40317E-F8D9-4168-A803-CD4D821685F6}.Release|Any CPU.Build.0 = Release|Any CPU
	EndGlobalSection
	GlobalSection(SolutionProperties) = preSolution
		HideSolutionNode = FALSE
	EndGlobalSection
	GlobalSection(ExtensibilityGlobals) = postSolution
		SolutionGuid = {1D96D1F0-56C5-4F17-ABE5-C61AC7ACFECA}
	EndGlobalSection
EndGlobal
